# THIS IS AN AUTOGENERATED FILE. DO NOT EDIT THIS FILE DIRECTLY.
# yarn lockfile v1


"@angular/animations@4.4.4":
  version "4.4.4"
  resolved "https://registry.yarnpkg.com/@angular/animations/-/animations-4.4.4.tgz#a2f9353604347abe15df98292058842f52f08bc2"
  dependencies:
    tslib "^1.7.1"

"@angular/common@4.4.4":
  version "4.4.4"
  resolved "https://registry.yarnpkg.com/@angular/common/-/common-4.4.4.tgz#ae0a818aaa0c6a3f0901e7b80bd94e1c22eb9365"
  dependencies:
    tslib "^1.7.1"

"@angular/compiler-cli@4.4.4":
  version "4.4.4"
  resolved "https://registry.yarnpkg.com/@angular/compiler-cli/-/compiler-cli-4.4.4.tgz#063080a497d9175396825050222c717da184f6cf"
  dependencies:
    "@angular/tsc-wrapped" "4.4.4"
    minimist "^1.2.0"
    reflect-metadata "^0.1.2"

"@angular/compiler@4.4.4":
  version "4.4.4"
  resolved "https://registry.yarnpkg.com/@angular/compiler/-/compiler-4.4.4.tgz#326eb0029d9a3541aaca124def9adc51c36f2b41"
  dependencies:
    tslib "^1.7.1"

"@angular/core@4.4.4":
  version "4.4.4"
  resolved "https://registry.yarnpkg.com/@angular/core/-/core-4.4.4.tgz#bd37ecf54158f97489996c9386bd222f80a32f5c"
  dependencies:
    tslib "^1.7.1"

"@angular/forms@4.4.4":
  version "4.4.4"
  resolved "https://registry.yarnpkg.com/@angular/forms/-/forms-4.4.4.tgz#4db3790509b6b10f1db8a7c1b7f52187cf64cfd4"
  dependencies:
    tslib "^1.7.1"

"@angular/http@4.4.4":
  version "4.4.4"
  resolved "https://registry.yarnpkg.com/@angular/http/-/http-4.4.4.tgz#667faf616bb624168eafae6ee92e5eba23a9d1f2"
  dependencies:
    tslib "^1.7.1"

"@angular/platform-browser-dynamic@4.4.4":
  version "4.4.4"
  resolved "https://registry.yarnpkg.com/@angular/platform-browser-dynamic/-/platform-browser-dynamic-4.4.4.tgz#c3c9eb854a528556a07054127932e527fa932e14"
  dependencies:
    tslib "^1.7.1"

"@angular/platform-browser@4.4.4":
  version "4.4.4"
  resolved "https://registry.yarnpkg.com/@angular/platform-browser/-/platform-browser-4.4.4.tgz#a3898e2e7ba9d84ffa0d47144c6971179c75aee6"
  dependencies:
    tslib "^1.7.1"

"@angular/platform-server@4.4.4":
  version "4.4.4"
  resolved "https://registry.yarnpkg.com/@angular/platform-server/-/platform-server-4.4.4.tgz#73ee41fa1cec8628fcc03174727b27cb0031b22a"
  dependencies:
    parse5 "^3.0.1"
    tslib "^1.7.1"
    xhr2 "^0.1.4"

"@angular/router@4.4.4":
  version "4.4.4"
  resolved "https://registry.yarnpkg.com/@angular/router/-/router-4.4.4.tgz#7be391096e843cb3e04f9f05d1d65a88df9bc7cf"
  dependencies:
    tslib "^1.7.1"

"@angular/tsc-wrapped@4.4.4":
  version "4.4.4"
  resolved "https://registry.yarnpkg.com/@angular/tsc-wrapped/-/tsc-wrapped-4.4.4.tgz#9841821e55616b826ca160250fe85e15fc74ffc3"
  dependencies:
    tsickle "^0.21.0"

"@ng-bootstrap/ng-bootstrap@1.0.0-alpha.22":
  version "1.0.0-alpha.22"
  resolved "https://registry.yarnpkg.com/@ng-bootstrap/ng-bootstrap/-/ng-bootstrap-1.0.0-alpha.22.tgz#aaad058cc39293ea6184e4b9b849f298c0b11a86"

"@ngrx/core@1.2.0":
  version "1.2.0"
  resolved "https://registry.yarnpkg.com/@ngrx/core/-/core-1.2.0.tgz#882b46abafa2e0e6d887cb71a1b2c2fa3e6d0dc6"

"@ngrx/store-devtools@3.2.4":
  version "3.2.4"
  resolved "https://registry.yarnpkg.com/@ngrx/store-devtools/-/store-devtools-3.2.4.tgz#2ce4d13bf34848a9e51ec87e3b125ed67b51e550"

"@ngrx/store@2.2.2":
  version "2.2.2"
  resolved "https://registry.yarnpkg.com/@ngrx/store/-/store-2.2.2.tgz#a00305a6452032a3385886a11ce529dce2dae65b"

"@turf/bbox-polygon@^3.7.0":
  version "3.14.0"
  resolved "https://registry.yarnpkg.com/@turf/bbox-polygon/-/bbox-polygon-3.14.0.tgz#d004b0453f080e8f4f575f61dc936320c565747a"
  dependencies:
    "@turf/helpers" "^3.13.0"

"@turf/bbox@^3.14.0", "@turf/bbox@^3.7.0":
  version "3.14.0"
  resolved "https://registry.yarnpkg.com/@turf/bbox/-/bbox-3.14.0.tgz#cee5f396dde78aca9cede05e1122db18bc504635"
  dependencies:
    "@turf/meta" "^3.14.0"

"@turf/center@^3.7.0":
  version "3.14.0"
  resolved "https://registry.yarnpkg.com/@turf/center/-/center-3.14.0.tgz#1083aca4f137d3c4988955740c7d440c45cc9ecc"
  dependencies:
    "@turf/bbox" "^3.14.0"
    "@turf/helpers" "^3.13.0"

"@turf/helpers@^3.13.0", "@turf/helpers@^3.6.3":
  version "3.13.0"
  resolved "https://registry.yarnpkg.com/@turf/helpers/-/helpers-3.13.0.tgz#d06078a1464cf56cdb7ea624ea1e13a71b88b806"

"@turf/invariant@^3.7.0":
  version "3.13.0"
  resolved "https://registry.yarnpkg.com/@turf/invariant/-/invariant-3.13.0.tgz#89243308cd563206e81e5c6162e0d22f61822f90"

"@turf/meta@^3.14.0":
  version "3.14.0"
  resolved "https://registry.yarnpkg.com/@turf/meta/-/meta-3.14.0.tgz#8d3050c1a0f44bf406a633b6bd28c510f7bcee27"

"@types/node@*":
  version "9.4.7"
  resolved "https://registry.yarnpkg.com/@types/node/-/node-9.4.7.tgz#57d81cd98719df2c9de118f2d5f3b1120dcd7275"

abbrev@1:
  version "1.1.1"
  resolved "https://registry.yarnpkg.com/abbrev/-/abbrev-1.1.1.tgz#f8f2c887ad10bf67f634f005b6987fed3179aac8"

aes-decrypter@^1.0.3:
  version "1.1.1"
  resolved "https://registry.yarnpkg.com/aes-decrypter/-/aes-decrypter-1.1.1.tgz#5dc17026faffd4b734aafd9961a497cf41176a53"
  dependencies:
    pkcs7 "^0.2.3"

babel-runtime@^6.9.2:
  version "6.26.0"
  resolved "https://registry.yarnpkg.com/babel-runtime/-/babel-runtime-6.26.0.tgz#965c7058668e82b55d7bfe04ff2337bc8b5647fe"
  dependencies:
    core-js "^2.4.0"
    regenerator-runtime "^0.11.0"

balanced-match@^1.0.0:
  version "1.0.0"
  resolved "https://registry.yarnpkg.com/balanced-match/-/balanced-match-1.0.0.tgz#89b4d199ab2bee49de164ea02b89ce462d71b767"

bash-color@0.0.3:
  version "0.0.3"
  resolved "https://registry.yarnpkg.com/bash-color/-/bash-color-0.0.3.tgz#0c08921ec01393ab56ea444f0825e5493ca0e6a2"

bootstrap@4.0.0:
  version "4.0.0"
  resolved "https://registry.yarnpkg.com/bootstrap/-/bootstrap-4.0.0.tgz#ceb03842c145fcc1b9b4e15da2a05656ba68469a"

brace-expansion@^1.1.7:
  version "1.1.11"
  resolved "https://registry.yarnpkg.com/brace-expansion/-/brace-expansion-1.1.11.tgz#3c7fcbf529d87226f3d2f52b966ff5271eb441dd"
  dependencies:
    balanced-match "^1.0.0"
    concat-map "0.0.1"

commander@^2.9.0:
  version "2.15.0"
  resolved "https://registry.yarnpkg.com/commander/-/commander-2.15.0.tgz#ad2a23a1c3b036e392469b8012cec6b33b4c1322"

concat-map@0.0.1:
  version "0.0.1"
  resolved "https://registry.yarnpkg.com/concat-map/-/concat-map-0.0.1.tgz#d8a96bd77fd68df7793a73036a3ba0d5405d477b"

core-js@2.5.1:
  version "2.5.1"
  resolved "https://registry.yarnpkg.com/core-js/-/core-js-2.5.1.tgz#ae6874dc66937789b80754ff5428df66819ca50b"

core-js@^2.4.0:
  version "2.5.3"
  resolved "https://registry.yarnpkg.com/core-js/-/core-js-2.5.3.tgz#8acc38345824f16d8365b7c9b4259168e8ed603e"

deep-freeze-strict@^1.1.1:
  version "1.1.1"
  resolved "https://registry.yarnpkg.com/deep-freeze-strict/-/deep-freeze-strict-1.1.1.tgz#77d0583ca24a69be4bbd9ac2fae415d55523e5b0"

dom-walk@^0.1.0:
  version "0.1.1"
  resolved "https://registry.yarnpkg.com/dom-walk/-/dom-walk-0.1.1.tgz#672226dc74c8f799ad35307df936aba11acd6018"

es5-shim@^4.5.1:
  version "4.5.10"
  resolved "https://registry.yarnpkg.com/es5-shim/-/es5-shim-4.5.10.tgz#b7e17ef4df2a145b821f1497b50c25cf94026205"

filed@^0.1.0:
  version "0.1.0"
  resolved "https://registry.yarnpkg.com/filed/-/filed-0.1.0.tgz#b0f626472a2366dc1194537a4eea7e7a89f3c735"
  dependencies:
    mime ">= 1.2.6"

filesize@^3.3.0:
  version "3.6.0"
  resolved "https://registry.yarnpkg.com/filesize/-/filesize-3.6.0.tgz#22d079615624bb6fd3c04026120628a41b3f4efa"

font-awesome@~4.6.3:
  version "4.6.3"
  resolved "https://registry.yarnpkg.com/font-awesome/-/font-awesome-4.6.3.tgz#86933651540ee00874c664017f50f2172f6531a2"

for-each@^0.3.2:
  version "0.3.2"
  resolved "https://registry.yarnpkg.com/for-each/-/for-each-0.3.2.tgz#2c40450b9348e97f281322593ba96704b9abd4d4"
  dependencies:
    is-function "~1.0.0"

glance@3.0.1:
  version "3.0.1"
  resolved "https://registry.yarnpkg.com/glance/-/glance-3.0.1.tgz#e3af71e951202a0c448581687d501a7f9346d472"
  dependencies:
    bash-color "0.0.3"
    filed "^0.1.0"
    html-ls "^1.0.0"
    nopt "^2.2.0"
    xtend "^2.0.6"

global@4.3.0:
  version "4.3.0"
  resolved "https://registry.yarnpkg.com/global/-/global-4.3.0.tgz#ef7ec4beead579b454f5ebd5e7f303db54f42a2b"
  dependencies:
    min-document "^2.6.1"
    process "~0.5.1"

global@4.3.2, global@^4.3.0, global@^4.3.1, global@~4.3.0:
  version "4.3.2"
  resolved "https://registry.yarnpkg.com/global/-/global-4.3.2.tgz#e76989268a6c74c38908b1305b10fc0e394e9d0f"
  dependencies:
    min-document "^2.19.0"
    process "~0.5.1"

html-ls@^1.0.0:
  version "1.0.1"
  resolved "https://registry.yarnpkg.com/html-ls/-/html-ls-1.0.1.tgz#e9472c45581f6c8454bc831652ead415e7d06b07"
  dependencies:
    ls-stream "1.0.0"
    through "2.3.4"

immediate@~3.0.5:
  version "3.0.6"
  resolved "https://registry.yarnpkg.com/immediate/-/immediate-3.0.6.tgz#9db1dbd0faf8de6fbe0f5dd5e56bb606280de69b"

individual@^2.0.0:
  version "2.0.0"
  resolved "https://registry.yarnpkg.com/individual/-/individual-2.0.0.tgz#833b097dad23294e76117a98fb38e0d9ad61bb97"

ionic-angular@3.8.0:
  version "3.8.0"
  resolved "https://registry.yarnpkg.com/ionic-angular/-/ionic-angular-3.8.0.tgz#c88faaeb5693e1053f90ff77b6df5f3bdfda93a2"

ionicons@^3.0.0:
  version "3.0.0"
  resolved "https://registry.yarnpkg.com/ionicons/-/ionicons-3.0.0.tgz#40b8daf4fd7a31150bd002160f66496e22a98c3c"

is-function@^1.0.1, is-function@~1.0.0:
  version "1.0.1"
  resolved "https://registry.yarnpkg.com/is-function/-/is-function-1.0.1.tgz#12cfb98b65b57dd3d193a3121f5f6e2f437602b5"

leaflet@^1.0.2:
  version "1.3.1"
  resolved "https://registry.yarnpkg.com/leaflet/-/leaflet-1.3.1.tgz#86f336d2fb0e2d0ff446677049a5dc34cf0ea60e"

lie@3.1.1:
  version "3.1.1"
  resolved "https://registry.yarnpkg.com/lie/-/lie-3.1.1.tgz#9a436b2cc7746ca59de7a41fa469b3efb76bd87e"
  dependencies:
    immediate "~3.0.5"

localforage@^1.5.0:
  version "1.6.0"
  resolved "https://registry.yarnpkg.com/localforage/-/localforage-1.6.0.tgz#8b0059beeb3875c48124286ca7fdbf23d52b8c97"
  dependencies:
    lie "3.1.1"

lodash-compat@^3.10.2:
  version "3.10.2"
  resolved "https://registry.yarnpkg.com/lodash-compat/-/lodash-compat-3.10.2.tgz#c6940128a9d30f8e902cd2cf99fd0cba4ecfc183"

lodash@4.17.5:
  version "4.17.5"
  resolved "https://registry.yarnpkg.com/lodash/-/lodash-4.17.5.tgz#99a92d65c0272debe8c96b6057bc8fbfa3bed511"

ls-stream@1.0.0:
  version "1.0.0"
  resolved "https://registry.yarnpkg.com/ls-stream/-/ls-stream-1.0.0.tgz#032edc02349d71d72c8b1fa70fb03334d43432b0"
  dependencies:
    through "~2.2.7"

m3u8-parser@^1.0.2:
  version "1.2.0"
  resolved "https://registry.yarnpkg.com/m3u8-parser/-/m3u8-parser-1.2.0.tgz#df7292c1a829eed3393403d47265541b42e0fa3d"
  dependencies:
    lodash-compat "^3.10.2"

"mime@>= 1.2.6":
  version "2.2.0"
  resolved "https://registry.yarnpkg.com/mime/-/mime-2.2.0.tgz#161e541965551d3b549fa1114391e3a3d55b923b"

mime@^1.3.4:
  version "1.6.0"
  resolved "https://registry.yarnpkg.com/mime/-/mime-1.6.0.tgz#32cd9e5c64553bd58d19a568af452acff04981b1"

min-document@^2.19.0, min-document@^2.6.1:
  version "2.19.0"
  resolved "https://registry.yarnpkg.com/min-document/-/min-document-2.19.0.tgz#7bd282e3f5842ed295bb748cdd9f1ffa2c824685"
  dependencies:
    dom-walk "^0.1.0"

minimatch@^3.0.3:
  version "3.0.4"
  resolved "https://registry.yarnpkg.com/minimatch/-/minimatch-3.0.4.tgz#5166e286457f03306064be5497e8dbb0c3d32083"
  dependencies:
    brace-expansion "^1.1.7"

minimist@0.0.8:
  version "0.0.8"
  resolved "https://registry.yarnpkg.com/minimist/-/minimist-0.0.8.tgz#857fcabfc3397d2625b8228262e86aa7a011b05d"

minimist@^1.2.0:
  version "1.2.0"
  resolved "https://registry.yarnpkg.com/minimist/-/minimist-1.2.0.tgz#a35008b20f41383eec1fb914f4cd5df79a264284"

mkdirp@^0.5.1:
  version "0.5.1"
  resolved "https://registry.yarnpkg.com/mkdirp/-/mkdirp-0.5.1.tgz#30057438eac6cf7f8c4767f38648d6697d75c903"
  dependencies:
    minimist "0.0.8"

moment@2.29.4:
  version "2.29.4"
  resolved "https://registry.yarnpkg.com/moment/-/moment-2.29.4.tgz#3dbe052889fe7c1b2ed966fcb3a77328964ef108"

monolite@0.4.5:
  version "0.4.5"
  resolved "https://registry.yarnpkg.com/monolite/-/monolite-0.4.5.tgz#7faba42a02934f2435057775889f6ef9d2e8e186"

mux.js@4.3.2:
  version "4.3.2"
  resolved "https://registry.yarnpkg.com/mux.js/-/mux.js-4.3.2.tgz#576d537df037dc5ec35ec1316b948d815d35c210"

mux.js@^3.0.0:
  version "3.1.0"
  resolved "https://registry.yarnpkg.com/mux.js/-/mux.js-3.1.0.tgz#1a19bac46a8ac7abe46c84431dd67ce1e14652ae"

ng-elastic@1.0.0-beta.3:
  version "1.0.0-beta.3"
  resolved "https://registry.yarnpkg.com/ng-elastic/-/ng-elastic-1.0.0-beta.3.tgz#dd5b3bdda932d88aab42f343374f01afaf002501"

ngrx-store-freeze@0.1.9:
  version "0.1.9"
  resolved "https://registry.yarnpkg.com/ngrx-store-freeze/-/ngrx-store-freeze-0.1.9.tgz#b20f18f21fd5efc4e1b1e05f6f279674d0f70c81"
  dependencies:
    deep-freeze-strict "^1.1.1"

ngrx-store-localstorage@0.1.8:
  version "0.1.8"
  resolved "https://registry.yarnpkg.com/ngrx-store-localstorage/-/ngrx-store-localstorage-0.1.8.tgz#21a44ec661c4a47f9137cb5c451a928baa2503ca"

ngrx-store-logger@0.1.8:
  version "0.1.8"
  resolved "https://registry.yarnpkg.com/ngrx-store-logger/-/ngrx-store-logger-0.1.8.tgz#385cc71c4ad7d503173d88705846614c1be2eff6"

node-srv@2.1.0:
  version "2.1.0"
  resolved "https://registry.yarnpkg.com/node-srv/-/node-srv-2.1.0.tgz#1e04014dfc4bcac9c82cf30ee46a78c2abd8937d"
  dependencies:
    commander "^2.9.0"
    mime "^1.3.4"
    minimatch "^3.0.3"
    underscore "^1.8.3"

nopt@^2.2.0:
  version "2.2.1"
  resolved "https://registry.yarnpkg.com/nopt/-/nopt-2.2.1.tgz#2aa09b7d1768487b3b89a9c5aa52335bff0baea7"
  dependencies:
    abbrev "1"

once@~1.1.1:
  version "1.1.1"
  resolved "https://registry.yarnpkg.com/once/-/once-1.1.1.tgz#9db574933ccb08c3a7614d154032c09ea6f339e7"

parse-headers@^2.0.0:
  version "2.0.1"
  resolved "https://registry.yarnpkg.com/parse-headers/-/parse-headers-2.0.1.tgz#6ae83a7aa25a9d9b700acc28698cd1f1ed7e9536"
  dependencies:
    for-each "^0.3.2"
    trim "0.0.1"

parse5@^3.0.1:
  version "3.0.3"
  resolved "https://registry.yarnpkg.com/parse5/-/parse5-3.0.3.tgz#042f792ffdd36851551cf4e9e066b3874ab45b5c"
  dependencies:
    "@types/node" "*"

pkcs7@^0.2.3:
  version "0.2.3"
  resolved "https://registry.yarnpkg.com/pkcs7/-/pkcs7-0.2.3.tgz#22d60666d01065c5f24439098e4a4830452273be"

process@~0.5.1:
  version "0.5.2"
  resolved "https://registry.yarnpkg.com/process/-/process-0.5.2.tgz#1638d8a8e34c2f440a91db95ab9aeb677fc185cf"

reflect-metadata@^0.1.2:
  version "0.1.12"
  resolved "https://registry.yarnpkg.com/reflect-metadata/-/reflect-metadata-0.1.12.tgz#311bf0c6b63cd782f228a81abe146a2bfa9c56f2"

regenerator-runtime@^0.11.0:
  version "0.11.1"
  resolved "https://registry.yarnpkg.com/regenerator-runtime/-/regenerator-runtime-0.11.1.tgz#be05ad7f9bf7d22e056f9726cee5017fbf19e2e9"

rust-result@^1.0.0:
  version "1.0.0"
  resolved "https://registry.yarnpkg.com/rust-result/-/rust-result-1.0.0.tgz#34c75b2e6dc39fe5875e5bdec85b5e0f91536f72"
  dependencies:
    individual "^2.0.0"

rxjs@5.4.3:
  version "5.4.3"
  resolved "https://registry.yarnpkg.com/rxjs/-/rxjs-5.4.3.tgz#0758cddee6033d68e0fd53676f0f3596ce3d483f"
  dependencies:
    symbol-observable "^1.0.1"

safe-json-parse@4.0.0:
  version "4.0.0"
  resolved "https://registry.yarnpkg.com/safe-json-parse/-/safe-json-parse-4.0.0.tgz#7c0f578cfccd12d33a71c0e05413e2eca171eaac"
  dependencies:
    rust-result "^1.0.0"

source-map-support@^0.4.2:
  version "0.4.18"
  resolved "https://registry.yarnpkg.com/source-map-support/-/source-map-support-0.4.18.tgz#0286a6de8be42641338594e97ccea75f0a2c585f"
  dependencies:
    source-map "^0.5.6"

source-map@^0.5.6:
  version "0.5.7"
  resolved "https://registry.yarnpkg.com/source-map/-/source-map-0.5.7.tgz#8a039d2d1021d22d1ea14c80d8ea468ba2ef3fcc"

symbol-observable@^1.0.1:
  version "1.2.0"
  resolved "https://registry.yarnpkg.com/symbol-observable/-/symbol-observable-1.2.0.tgz#c22688aed4eab3cdc2dfeacbb561660560a00804"

through@2.3.4:
  version "2.3.4"
  resolved "https://registry.yarnpkg.com/through/-/through-2.3.4.tgz#495e40e8d8a8eaebc7c275ea88c2b8fc14c56455"

through@~2.2.7:
  version "2.2.7"
  resolved "https://registry.yarnpkg.com/through/-/through-2.2.7.tgz#6e8e21200191d4eb6a99f6f010df46aa1c6eb2bd"

trim@0.0.1:
  version "0.0.1"
  resolved "https://registry.yarnpkg.com/trim/-/trim-0.0.1.tgz#5858547f6b290757ee95cccc666fb50084c460dd"

tsickle@^0.21.0:
  version "0.21.6"
  resolved "https://registry.yarnpkg.com/tsickle/-/tsickle-0.21.6.tgz#53b01b979c5c13fdb13afb3fb958177e5991588d"
  dependencies:
    minimist "^1.2.0"
    mkdirp "^0.5.1"
    source-map "^0.5.6"
    source-map-support "^0.4.2"

tslib@^1.7.1:
  version "1.9.0"
  resolved "https://registry.yarnpkg.com/tslib/-/tslib-1.9.0.tgz#e37a86fda8cbbaf23a057f473c9f4dc64e5fc2e8"

tsml@1.0.1:
  version "1.0.1"
  resolved "https://registry.yarnpkg.com/tsml/-/tsml-1.0.1.tgz#89f8218b9d9e257f47d7f6b56d01c5a4d2c68fc3"

underscore@^1.8.3:
  version "1.8.3"
  resolved "https://registry.yarnpkg.com/underscore/-/underscore-1.8.3.tgz#4f3fb53b106e6097fcf9cb4109f2a5e9bdfa5022"

url-toolkit@^1.0.4:
  version "1.0.11"
  resolved "https://registry.yarnpkg.com/url-toolkit/-/url-toolkit-1.0.11.tgz#ec68ae7a89f2a101c395049be3640aee252b4ae9"

video.js@5.14:
  version "5.14.1"
  resolved "https://registry.yarnpkg.com/video.js/-/video.js-5.14.1.tgz#0d4e027a84da9b5c70a95bdb5c7defa7e2fb4eb4"
  dependencies:
    babel-runtime "^6.9.2"
    global "4.3.0"
    safe-json-parse "4.0.0"
    tsml "1.0.1"
    videojs-font "2.0.0"
    videojs-ie8 "1.1.2"
    videojs-swf "5.1.0"
    videojs-vtt.js "0.12.1"
    xhr "2.2.0"

video.js@^5.15.1:
  version "5.20.5"
  resolved "https://registry.yarnpkg.com/video.js/-/video.js-5.20.5.tgz#445cdae204bce459782d86a31b25a32afd6d8eff"
  dependencies:
    babel-runtime "^6.9.2"
    global "4.3.0"
    safe-json-parse "4.0.0"
    tsml "1.0.1"
    videojs-font "2.0.0"
    videojs-ie8 "1.1.2"
    videojs-swf "5.4.1"
    videojs-vtt.js "0.12.6"
    xhr "2.2.2"

"video.js@^5.17.0 || ^6.2.0":
  version "6.7.3"
  resolved "https://registry.yarnpkg.com/video.js/-/video.js-6.7.3.tgz#616ab015a74bb1bc8b092e9b4b8022519756f7c0"
  dependencies:
    babel-runtime "^6.9.2"
    global "4.3.2"
    safe-json-parse "4.0.0"
    tsml "1.0.1"
    videojs-font "2.1.0"
    videojs-ie8 "1.1.2"
    videojs-vtt.js "0.12.5"
    xhr "2.4.0"

videojs-contrib-hls@4.0.3:
  version "4.0.3"
  resolved "https://registry.yarnpkg.com/videojs-contrib-hls/-/videojs-contrib-hls-4.0.3.tgz#28bb1f49df7b936c41310e8e07c6947777530903"
  dependencies:
    aes-decrypter "^1.0.3"
    global "^4.3.0"
    m3u8-parser "^1.0.2"
    mux.js "^3.0.0"
    url-toolkit "^1.0.4"
    video.js "^5.15.1"
    videojs-contrib-media-sources "^4.1.3"
    videojs-swf "^5.0.2"

videojs-contrib-media-sources@^4.1.3:
  version "4.7.0"
  resolved "https://registry.yarnpkg.com/videojs-contrib-media-sources/-/videojs-contrib-media-sources-4.7.0.tgz#7bbcdae3583f58384dd341c2cbf6a9b48bf1e3fe"
  dependencies:
    global "^4.3.0"
    mux.js "4.3.2"
    video.js "^5.17.0 || ^6.2.0"
    webwackify "0.1.3"

videojs-font@2.0.0:
  version "2.0.0"
  resolved "https://registry.yarnpkg.com/videojs-font/-/videojs-font-2.0.0.tgz#af7461ef9d4b95e0334bffb78b2f2ff0364a9034"

videojs-font@2.1.0:
  version "2.1.0"
  resolved "https://registry.yarnpkg.com/videojs-font/-/videojs-font-2.1.0.tgz#a25930a67f6c9cfbf2bb88dacb8c6b451f093379"

videojs-ie8@1.1.2:
  version "1.1.2"
  resolved "https://registry.yarnpkg.com/videojs-ie8/-/videojs-ie8-1.1.2.tgz#a23d3d8608ad7192b69c6077fc4eb848998d35d9"
  dependencies:
    es5-shim "^4.5.1"

videojs-swf@5.1.0:
  version "5.1.0"
  resolved "https://registry.yarnpkg.com/videojs-swf/-/videojs-swf-5.1.0.tgz#7d6b5a78fb36cbf97ed2056d413e8c2012dbbdad"

videojs-swf@5.4.1, videojs-swf@^5.0.2:
  version "5.4.1"
  resolved "https://registry.yarnpkg.com/videojs-swf/-/videojs-swf-5.4.1.tgz#2077ef71c749f2c7823ef49babae4dd2acb08f87"

videojs-vtt.js@0.12.1:
  version "0.12.1"
  resolved "https://registry.yarnpkg.com/videojs-vtt.js/-/videojs-vtt.js-0.12.1.tgz#e313896ca8e838c1b2e16df8775c56981ae19f3a"

videojs-vtt.js@0.12.5:
  version "0.12.5"
  resolved "https://registry.yarnpkg.com/videojs-vtt.js/-/videojs-vtt.js-0.12.5.tgz#32852732741c8b4e7a4314caa2cd93646a9c2d40"
  dependencies:
    global "^4.3.1"

videojs-vtt.js@0.12.6:
  version "0.12.6"
  resolved "https://registry.yarnpkg.com/videojs-vtt.js/-/videojs-vtt.js-0.12.6.tgz#e078600bda899eaa6f9c3307134cd0c811947b8e"
  dependencies:
    global "^4.3.1"

webwackify@0.1.3:
  version "0.1.3"
  resolved "https://registry.yarnpkg.com/webwackify/-/webwackify-0.1.3.tgz#f1a5f346a7e7871a479b10ff86b90689101a3653"

xhr2@^0.1.4:
  version "0.1.4"
  resolved "https://registry.yarnpkg.com/xhr2/-/xhr2-0.1.4.tgz#7f87658847716db5026323812f818cadab387a5f"

xhr@2.2.0:
  version "2.2.0"
  resolved "https://registry.yarnpkg.com/xhr/-/xhr-2.2.0.tgz#70d957d52c49f1bac6a86e14f4e088ecae4040f2"
  dependencies:
    global "~4.3.0"
    is-function "^1.0.1"
    once "~1.1.1"
    parse-headers "^2.0.0"
    xtend "^4.0.0"

xhr@2.2.2:
  version "2.2.2"
  resolved "https://registry.yarnpkg.com/xhr/-/xhr-2.2.2.tgz#2ee72571869f8686d41559a9ea286c18971435ff"
  dependencies:
    global "~4.3.0"
    is-function "^1.0.1"
    parse-headers "^2.0.0"
    xtend "^4.0.0"

xhr@2.4.0:
  version "2.4.0"
  resolved "https://registry.yarnpkg.com/xhr/-/xhr-2.4.0.tgz#e16e66a45f869861eeefab416d5eff722dc40993"
  dependencies:
    global "~4.3.0"
    is-function "^1.0.1"
    parse-headers "^2.0.0"
    xtend "^4.0.0"

xtend@^2.0.6:
  version "2.2.0"
  resolved "https://registry.yarnpkg.com/xtend/-/xtend-2.2.0.tgz#eef6b1f198c1c8deafad8b1765a04dad4a01c5a9"

xtend@^4.0.0:
  version "4.0.1"
  resolved "https://registry.yarnpkg.com/xtend/-/xtend-4.0.1.tgz#a5c6d532be656e23db820efb943a1f04998d63af"

zone.js@0.8.18:
  version "0.8.18"
  resolved "https://registry.yarnpkg.com/zone.js/-/zone.js-0.8.18.tgz#8cecb3977fcd1b3090562ff4570e2847e752b48d"
